
Microsoft Visual Studio Solution File, Format Version 12.00
# Visual Studio Version 17
VisualStudioVersion = 17.14.36518.9 d17.14
MinimumVisualStudioVersion = 10.0.40219.1
Project("{FAE04EC0-301F-11D3-BF4B-00C04F79EFBC}") = "Bai5_OOP", "Bai5_OOP.csproj", "{72D30272-1CA4-4261-818E-CD5C207AF2EE}"
EndProject
Project("{FAE04EC0-301F-11D3-BF4B-00C04F79EFBC}") = "GiaoDien", "..\GiaoDien\GiaoDien.csproj", "{3AE903E7-873B-498D-87F5-97DDB0FD89A3}"
EndProject
Global
	GlobalSection(SolutionConfigurationPlatforms) = preSolution
		Debug|Any CPU = Debug|Any CPU
		Release|Any CPU = Release|Any CPU
	EndGlobalSection
	GlobalSection(ProjectConfigurationPlatforms) = postSolution
		{72D30272-1CA4-4261-818E-CD5C207AF2EE}.Debug|Any CPU.ActiveCfg = Debug|Any CPU
		{72D30272-1CA4-4261-818E-CD5C207AF2EE}.Debug|Any CPU.Build.0 = Debug|Any CPU
		{72D30272-1CA4-4261-818E-CD5C207AF2EE}.Release|Any CPU.ActiveCfg = Release|Any CPU
		{72D30272-1CA4-4261-818E-CD5C207AF2EE}.Release|Any CPU.Build.0 = Release|Any CPU
		{3AE903E7-873B-498D-87F5-97DDB0FD89A3}.Debug|Any CPU.ActiveCfg = Debug|Any CPU
		{3AE903E7-873B-498D-87F5-97DDB0FD89A3}.Debug|Any CPU.Build.0 = Debug|Any CPU
		{3AE903E7-873B-498D-87F5-97DDB0FD89A3}.Release|Any CPU.ActiveCfg = Release|Any CPU
		{3AE903E7-873B-498D-87F5-97DDB0FD89A3}.Release|Any CPU.Build.0 = Release|Any CPU
	EndGlobalSection
	GlobalSection(SolutionProperties) = preSolution
		HideSolutionNode = FALSE
	EndGlobalSection
	GlobalSection(ExtensibilityGlobals) = postSolution
		SolutionGuid = {91553649-6142-4508-8F24-044DE8A12AE5}
	EndGlobalSection
EndGlobal
